{
  "dependencies": {
    "core-util-is": {
      "integrity": "sha1-tf1UIgqivFq1eqtxQMlAdUUDwac=",
      "resolved": "https://registry.npmjs.org/core-util-is/-/core-util-is-1.0.2.tgz",
      "version": "1.0.2"
    },
    "inherits": {
      "integrity": "sha512-k/vGaX4/Yla3WzyMCvTQOXYeIHvqOKtnqBduzTHpzpQZzAskKMhZ2K+EnBiSM9zGSoIFeMpXKxa4dYeZIQqewQ==",
      "resolved": "https://registry.npmjs.org/inherits/-/inherits-2.0.4.tgz",
      "version": "2.0.4"
    },
    "isarray": {
      "integrity": "sha1-ihis/Kmo9Bd+Cav8YDiTmwXR7t8=",
      "resolved": "https://registry.npmjs.org/isarray/-/isarray-0.0.1.tgz",
      "version": "0.0.1"
    },
    "memory-streams": {
      "integrity": "sha512-qVQ/CjkMyMInPaaRMrwWNDvf6boRZXaT/DbQeMYcCWuXPEBf1v8qChOc9OlEVQp2uOvRXa1Qu30fLmKhY6NipA==",
      "requires": {
        "readable-stream": "~1.0.2"
      },
      "resolved": "https://registry.npmjs.org/memory-streams/-/memory-streams-0.1.3.tgz",
      "version": "0.1.3"
    },
    "readable-stream": {
      "integrity": "sha1-Elgg40vIQtLyqq+v5MKRbuMsFXw=",
      "requires": {
        "core-util-is": "~1.0.0",
        "inherits": "~2.0.1",
        "isarray": "0.0.1",
        "string_decoder": "~0.10.x"
      },
      "resolved": "https://registry.npmjs.org/readable-stream/-/readable-stream-1.0.34.tgz",
      "version": "1.0.34"
    },
    "string_decoder": {
      "integrity": "sha1-YuIDvEF2bGwoyfyEMB2rHFMQ+pQ=",
      "resolved": "https://registry.npmjs.org/string_decoder/-/string_decoder-0.10.31.tgz",
      "version": "0.10.31"
    }
  },
  "lockfileVersion": 1,
  "name": "@nnode/clio",
  "requires": true,
  "version": "0.2.0"
}
